
Microsoft Visual Studio Solution File, Format Version 12.00
# Visual Studio Version 16
VisualStudioVersion = 16.0.32407.337
MinimumVisualStudioVersion = 10.0.40219.1
Project("{F184B08F-C81C-45F6-A57F-5ABD9991F28F}") = "otelv3", "otelv3\otelv3.vbproj", "{0D875AF7-8F1C-4DD0-A7BA-C4E141F9A1E2}"
EndProject
Global
	GlobalSection(SolutionConfigurationPlatforms) = preSolution
		Debug|Any CPU = Debug|Any CPU
		Release|Any CPU = Release|Any CPU
	EndGlobalSection
	GlobalSection(ProjectConfigurationPlatforms) = postSolution
		{0D875AF7-8F1C-4DD0-A7BA-C4E141F9A1E2}.Debug|Any CPU.ActiveCfg = Debug|Any CPU
		{0D875AF7-8F1C-4DD0-A7BA-C4E141F9A1E2}.Debug|Any CPU.Build.0 = Debug|Any CPU
		{0D875AF7-8F1C-4DD0-A7BA-C4E141F9A1E2}.Release|Any CPU.ActiveCfg = Release|Any CPU
		{0D875AF7-8F1C-4DD0-A7BA-C4E141F9A1E2}.Release|Any CPU.Build.0 = Release|Any CPU
	EndGlobalSection
	GlobalSection(SolutionProperties) = preSolution
		HideSolutionNode = FALSE
	EndGlobalSection
	GlobalSection(ExtensibilityGlobals) = postSolution
		SolutionGuid = {EBC04DE8-A6D4-4273-AE97-FC4FB57142B7}
	EndGlobalSection
EndGlobal
